
Microsoft Visual Studio Solution File, Format Version 12.00
# Visual Studio Version 17
VisualStudioVersion = 17.5.33627.172
MinimumVisualStudioVersion = 10.0.40219.1
Project("{FAE04EC0-301F-11D3-BF4B-00C04F79EFBC}") = "casovac_magnusek", "casovac_magnusek\casovac_magnusek.csproj", "{608EC0E0-F652-4B61-A340-8577BBE2CE31}"
EndProject
Global
	GlobalSection(SolutionConfigurationPlatforms) = preSolution
		Debug|Any CPU = Debug|Any CPU
		Release|Any CPU = Release|Any CPU
	EndGlobalSection
	GlobalSection(ProjectConfigurationPlatforms) = postSolution
		{608EC0E0-F652-4B61-A340-8577BBE2CE31}.Debug|Any CPU.ActiveCfg = Debug|Any CPU
		{608EC0E0-F652-4B61-A340-8577BBE2CE31}.Debug|Any CPU.Build.0 = Debug|Any CPU
		{608EC0E0-F652-4B61-A340-8577BBE2CE31}.Release|Any CPU.ActiveCfg = Release|Any CPU
		{608EC0E0-F652-4B61-A340-8577BBE2CE31}.Release|Any CPU.Build.0 = Release|Any CPU
	EndGlobalSection
	GlobalSection(SolutionProperties) = preSolution
		HideSolutionNode = FALSE
	EndGlobalSection
	GlobalSection(ExtensibilityGlobals) = postSolution
		SolutionGuid = {79F61EFB-B376-4BAF-9840-24E45B24C150}
	EndGlobalSection
EndGlobal
